
Microsoft Visual Studio Solution File, Format Version 12.00
# Visual Studio Version 17
VisualStudioVersion = 17.0.31903.59
MinimumVisualStudioVersion = 10.0.40219.1
Project("{2150E333-8FDC-42A3-9474-1A3956D46DE8}") = "code", "code", "{A624D885-FC5C-482C-93A0-4E852A14D37E}"
EndProject
Project("{FAE04EC0-301F-11D3-BF4B-00C04F79EFBC}") = "myDadApp", "code\myDadApp\myDadApp.csproj", "{8AECC5FD-F341-4560-B368-981A95EBF96D}"
EndProject
Global
	GlobalSection(SolutionConfigurationPlatforms) = preSolution
		Debug|Any CPU = Debug|Any CPU
		Release|Any CPU = Release|Any CPU
	EndGlobalSection
	GlobalSection(SolutionProperties) = preSolution
		HideSolutionNode = FALSE
	EndGlobalSection
	GlobalSection(ProjectConfigurationPlatforms) = postSolution
		{8AECC5FD-F341-4560-B368-981A95EBF96D}.Debug|Any CPU.ActiveCfg = Debug|Any CPU
		{8AECC5FD-F341-4560-B368-981A95EBF96D}.Debug|Any CPU.Build.0 = Debug|Any CPU
		{8AECC5FD-F341-4560-B368-981A95EBF96D}.Release|Any CPU.ActiveCfg = Release|Any CPU
		{8AECC5FD-F341-4560-B368-981A95EBF96D}.Release|Any CPU.Build.0 = Release|Any CPU
	EndGlobalSection
	GlobalSection(NestedProjects) = preSolution
		{8AECC5FD-F341-4560-B368-981A95EBF96D} = {A624D885-FC5C-482C-93A0-4E852A14D37E}
	EndGlobalSection
EndGlobal
